// !$*UTF8*$!
{
	archiveVersion = 1;
	classes = {
	};
	objectVersion = 50;
	objects = {

/* Begin PBXBuildFile section */
		C9EFAFD02482F5FB008FA762 /* AppDelegate.swift in Sources */ = {isa = PBXBuildFile; fileRef = C9EFAFCF2482F5FB008FA762 /* AppDelegate.swift */; };
		C9EFAFD22482F5FB008FA762 /* SceneDelegate.swift in Sources */ = {isa = PBXBuildFile; fileRef = C9EFAFD12482F5FB008FA762 /* SceneDelegate.swift */; };
		C9EFAFD72482F5FB008FA762 /* Main.storyboard in Resources */ = {isa = PBXBuildFile; fileRef = C9EFAFD52482F5FB008FA762 /* Main.storyboard */; };
		C9EFAFD92482F5FC008FA762 /* Assets.xcassets in Resources */ = {isa = PBXBuildFile; fileRef = C9EFAFD82482F5FC008FA762 /* Assets.xcassets */; };
		C9EFAFDC2482F5FC008FA762 /* LaunchScreen.storyboard in Resources */ = {isa = PBXBuildFile; fileRef = C9EFAFDA2482F5FC008FA762 /* LaunchScreen.storyboard */; };
		C9EFAFE42482F656008FA762 /* MovieViewController.swift in Sources */ = {isa = PBXBuildFile; fileRef = C9EFAFE32482F656008FA762 /* MovieViewController.swift */; };
		C9EFAFE62482F663008FA762 /* FlimData.swift in Sources */ = {isa = PBXBuildFile; fileRef = C9EFAFE52482F663008FA762 /* FlimData.swift */; };
		C9EFAFE82482F6AE008FA762 /* MovieTableViewCell.swift in Sources */ = {isa = PBXBuildFile; fileRef = C9EFAFE72482F6AE008FA762 /* MovieTableViewCell.swift */; };
/* End PBXBuildFile section */

/* Begin PBXFileReference section */
		C9EFAFCC2482F5FB008FA762 /* Movie.app */ = {isa = PBXFileReference; explicitFileType = wrapper.application; includeInIndex = 0; path = Movie.app; sourceTree = BUILT_PRODUCTS_DIR; };
		C9EFAFCF2482F5FB008FA762 /* AppDelegate.swift */ = {isa = PBXFileReference; lastKnownFileType = sourcecode.swift; path = AppDelegate.swift; sourceTree = "<group>"; };
		C9EFAFD12482F5FB008FA762 /* SceneDelegate.swift */ = {isa = PBXFileReference; lastKnownFileType = sourcecode.swift; path = SceneDelegate.swift; sourceTree = "<group>"; };
		C9EFAFD62482F5FB008FA762 /* Base */ = {isa = PBXFileReference; lastKnownFileType = file.storyboard; name = Base; path = Base.lproj/Main.storyboard; sourceTree = "<group>"; };
		C9EFAFD82482F5FC008FA762 /* Assets.xcassets */ = {isa = PBXFileReference; lastKnownFileType = folder.assetcatalog; path = Assets.xcassets; sourceTree = "<group>"; };
		C9EFAFDB2482F5FC008FA762 /* Base */ = {isa = PBXFileReference; lastKnownFileType = file.storyboard; name = Base; path = Base.lproj/LaunchScreen.storyboard; sourceTree = "<group>"; };
		C9EFAFDD2482F5FC008FA762 /* Info.plist */ = {isa = PBXFileReference; lastKnownFileType = text.plist.xml; path = Info.plist; sourceTree = "<group>"; };
		C9EFAFE32482F656008FA762 /* MovieViewController.swift */ = {isa = PBXFileReference; lastKnownFileType = sourcecode.swift; path = MovieViewController.swift; sourceTree = "<group>"; };
		C9EFAFE52482F663008FA762 /* FlimData.swift */ = {isa = PBXFileReference; lastKnownFileType = sourcecode.swift; path = FlimData.swift; sourceTree = "<group>"; };
		C9EFAFE72482F6AE008FA762 /* MovieTableViewCell.swift */ = {isa = PBXFileReference; lastKnownFileType = sourcecode.swift; path = MovieTableViewCell.swift; sourceTree = "<group>"; };
/* End PBXFileReference section */

/* Begin PBXFrameworksBuildPhase section */
		C9EFAFC92482F5FB008FA762 /* Frameworks */ = {
			isa = PBXFrameworksBuildPhase;
			buildActionMask = 2147483647;
			files = (
			);
			runOnlyForDeploymentPostprocessing = 0;
		};
/* End PBXFrameworksBuildPhase section */

/* Begin PBXGroup section */
		C9EFAFC32482F5FB008FA762 = {
			isa = PBXGroup;
			children = (
				C9EFAFCE2482F5FB008FA762 /* Movie */,
				C9EFAFCD2482F5FB008FA762 /* Products */,
			);
			sourceTree = "<group>";
		};
		C9EFAFCD2482F5FB008FA762 /* Products */ = {
			isa = PBXGroup;
			children = (
				C9EFAFCC2482F5FB008FA762 /* Movie.app */,
			);
			name = Products;
			sourceTree = "<group>";
		};
		C9EFAFCE2482F5FB008FA762 /* Movie */ = {
			isa = PBXGroup;
			children = (
				C9EFAFCF2482F5FB008FA762 /* AppDelegate.swift */,
				C9EFAFD12482F5FB008FA762 /* SceneDelegate.swift */,
				C9EFAFD52482F5FB008FA762 /* Main.storyboard */,
				C9EFAFE32482F656008FA762 /* MovieViewController.swift */,
				C9EFAFE72482F6AE008FA762 /* MovieTableViewCell.swift */,
				C9EFAFE52482F663008FA762 /* FlimData.swift */,
				C9EFAFD82482F5FC008FA762 /* Assets.xcassets */,
				C9EFAFDA2482F5FC008FA762 /* LaunchScreen.storyboard */,
				C9EFAFDD2482F5FC008FA762 /* Info.plist */,
			);
			path = Movie;
			sourceTree = "<group>";
		};
/* End PBXGroup section */

/* Begin PBXNativeTarget section */
		C9EFAFCB2482F5FB008FA762 /* Movie */ = {
			isa = PBXNativeTarget;
			buildConfigurationList = C9EFAFE02482F5FC008FA762 /* Build configuration list for PBXNativeTarget "Movie" */;
			buildPhases = (
				C9EFAFC82482F5FB008FA762 /* Sources */,
				C9EFAFC92482F5FB008FA762 /* Frameworks */,
				C9EFAFCA2482F5FB008FA762 /* Resources */,
			);
			buildRules = (
			);
			dependencies = (
			);
			name = Movie;
			productName = Movie;
			productReference = C9EFAFCC2482F5FB008FA762 /* Movie.app */;
			productType = "com.apple.product-type.application";
		};
/* End PBXNativeTarget section */

/* Begin PBXProject section */
		C9EFAFC42482F5FB008FA762 /* Project object */ = {
			isa = PBXProject;
			attributes = {
				LastSwiftUpdateCheck = 1150;
				LastUpgradeCheck = 1150;
				ORGANIZATIONNAME = Cash;
				TargetAttributes = {
					C9EFAFCB2482F5FB008FA762 = {
						CreatedOnToolsVersion = 11.5;
					};
				};
			};
			buildConfigurationList = C9EFAFC72482F5FB008FA762 /* Build configuration list for PBXProject "Movie" */;
			compatibilityVersion = "Xcode 9.3";
			developmentRegion = en;
			hasScannedForEncodings = 0;
			knownRegions = (
				en,
				Base,
			);
			mainGroup = C9EFAFC32482F5FB008FA762;
			productRefGroup = C9EFAFCD2482F5FB008FA762 /* Products */;
			projectDirPath = "";
			projectRoot = "";
			targets = (
				C9EFAFCB2482F5FB008FA762 /* Movie */,
			);
		};
/* End PBXProject section */

/* Begin PBXResourcesBuildPhase section */
		C9EFAFCA2482F5FB008FA762 /* Resources */ = {
			isa = PBXResourcesBuildPhase;
			buildActionMask = 2147483647;
			files = (
				C9EFAFDC2482F5FC008FA762 /* LaunchScreen.storyboard in Resources */,
				C9EFAFD92482F5FC008FA762 /* Assets.xcassets in Resources */,
				C9EFAFD72482F5FB008FA762 /* Main.storyboard in Resources */,
			);
			runOnlyForDeploymentPostprocessing = 0;
		};
/* End PBXResourcesBuildPhase section */

/* Begin PBXSourcesBuildPhase section */
		C9EFAFC82482F5FB008FA762 /* Sources */ = {
			isa = PBXSourcesBuildPhase;
			buildActionMask = 2147483647;
			files = (
				C9EFAFE82482F6AE008FA762 /* MovieTableViewCell.swift in Sources */,
				C9EFAFD02482F5FB008FA762 /* AppDelegate.swift in Sources */,
				C9EFAFD22482F5FB008FA762 /* SceneDelegate.swift in Sources */,
				C9EFAFE42482F656008FA762 /* MovieViewController.swift in Sources */,
				C9EFAFE62482F663008FA762 /* FlimData.swift in Sources */,
			);
			runOnlyForDeploymentPostprocessing = 0;
		};
/* End PBXSourcesBuildPhase section */

/* Begin PBXVariantGroup section */
		C9EFAFD52482F5FB008FA762 /* Main.storyboard */ = {
			isa = PBXVariantGroup;
			children = (
				C9EFAFD62482F5FB008FA762 /* Base */,
			);
			name = Main.storyboard;
			sourceTree = "<group>";
		};
		C9EFAFDA2482F5FC008FA762 /* LaunchScreen.storyboard */ = {
			isa = PBXVariantGroup;
			children = (
				C9EFAFDB2482F5FC008FA762 /* Base */,
			);
			name = LaunchScreen.storyboard;
			sourceTree = "<group>";
		};
/* End PBXVariantGroup section */

/* Begin XCBuildConfiguration section */
		C9EFAFDE2482F5FC008FA762 /* Debug */ = {
			isa = XCBuildConfiguration;
			buildSettings = {
				ALWAYS_SEARCH_USER_PATHS = NO;
				CLANG_ANALYZER_NONNULL = YES;
				CLANG_ANALYZER_NUMBER_OBJECT_CONVERSION = YES_AGGRESSIVE;
				CLANG_CXX_LANGUAGE_STANDARD = "gnu++14";
				CLANG_CXX_LIBRARY = "libc++";
				CLANG_ENABLE_MODULES = YES;
				CLANG_ENABLE_OBJC_ARC = YES;
				CLANG_ENABLE_OBJC_WEAK = YES;
				CLANG_WARN_BLOCK_CAPTURE_AUTORELEASING = YES;
				CLANG_WARN_BOOL_CONVERSION = YES;
				CLANG_WARN_COMMA = YES;
				CLANG_WARN_CONSTANT_CONVERSION = YES;
				CLANG_WARN_DEPRECATED_OBJC_IMPLEMENTATIONS = YES;
				CLANG_WARN_DIRECT_OBJC_ISA_USAGE = YES_ERROR;
				CLANG_WARN_DOCUMENTATION_COMMENTS = YES;
				CLANG_WARN_EMPTY_BODY = YES;
				CLANG_WARN_ENUM_CONVERSION = YES;
				CLANG_WARN_INFINITE_RECURSION = YES;
				CLANG_WARN_INT_CONVERSION = YES;
				CLANG_WARN_NON_LITERAL_NULL_CONVERSION = YES;
				CLANG_WARN_OBJC_IMPLICIT_RETAIN_SELF = YES;
				CLANG_WARN_OBJC_LITERAL_CONVERSION = YES;
				CLANG_WARN_OBJC_ROOT_CLASS = YES_ERROR;
				CLANG_WARN_RANGE_LOOP_ANALYSIS = YES;
				CLANG_WARN_STRICT_PROTOTYPES = YES;
				CLANG_WARN_SUSPICIOUS_MOVE = YES;
				CLANG_WARN_UNGUARDED_AVAILABILITY = YES_AGGRESSIVE;
				CLANG_WARN_UNREACHABLE_CODE = YES;
				CLANG_WARN__DUPLICATE_METHOD_MATCH = YES;
				COPY_PHASE_STRIP = NO;
				DEBUG_INFORMATION_FORMAT = dwarf;
				ENABLE_STRICT_OBJC_MSGSEND = YES;
				ENABLE_TESTABILITY = YES;
				GCC_C_LANGUAGE_STANDARD = gnu11;
				GCC_DYNAMIC_NO_PIC = NO;
				GCC_NO_COMMON_BLOCKS = YES;
				GCC_OPTIMIZATION_LEVEL = 0;
				GCC_PREPROCESSOR_DEFINITIONS = (
					"DEBUG=1",
					"$(inherited)",
				);
				GCC_WARN_64_TO_32_BIT_CONVERSION = YES;
				GCC_WARN_ABOUT_RETURN_TYPE = YES_ERROR;
				GCC_WARN_UNDECLARED_SELECTOR = YES;
				GCC_WARN_UNINITIALIZED_AUTOS = YES_AGGRESSIVE;
				GCC_WARN_UNUSED_FUNCTION = YES;
				GCC_WARN_UNUSED_VARIABLE = YES;
				IPHONEOS_DEPLOYMENT_TARGET = 13.5;
				MTL_ENABLE_DEBUG_INFO = INCLUDE_SOURCE;
				MTL_FAST_MATH = YES;
				ONLY_ACTIVE_ARCH = YES;
				SDKROOT = iphoneos;
				SWIFT_ACTIVE_COMPILATION_CONDITIONS = DEBUG;
				SWIFT_OPTIMIZATION_LEVEL = "-Onone";
			};
			name = Debug;
		};
		C9EFAFDF2482F5FC008FA762 /* Release */ = {
			isa = XCBuildConfiguration;
			buildSettings = {
				ALWAYS_SEARCH_USER_PATHS = NO;
				CLANG_ANALYZER_NONNULL = YES;
				CLANG_ANALYZER_NUMBER_OBJECT_CONVERSION = YES_AGGRESSIVE;
				CLANG_CXX_LANGUAGE_STANDARD = "gnu++14";
				CLANG_CXX_LIBRARY = "libc++";
				CLANG_ENABLE_MODULES = YES;
				CLANG_ENABLE_OBJC_ARC = YES;
				CLANG_ENABLE_OBJC_WEAK = YES;
				CLANG_WARN_BLOCK_CAPTURE_AUTORELEASING = YES;
				CLANG_WARN_BOOL_CONVERSION = YES;
				CLANG_WARN_COMMA = YES;
				CLANG_WARN_CONSTANT_CONVERSION = YES;
				CLANG_WARN_DEPRECATED_OBJC_IMPLEMENTATIONS = YES;
				CLANG_WARN_DIRECT_OBJC_ISA_USAGE = YES_ERROR;
				CLANG_WARN_DOCUMENTATION_COMMENTS = YES;
				CLANG_WARN_EMPTY_BODY = YES;
				CLANG_WARN_ENUM_CONVERSION = YES;
				CLANG_WARN_INFINITE_RECURSION = YES;
				CLANG_WARN_INT_CONVERSION = YES;
				CLANG_WARN_NON_LITERAL_NULL_CONVERSION = YES;
				CLANG_WARN_OBJC_IMPLICIT_RETAIN_SELF = YES;
				CLANG_WARN_OBJC_LITERAL_CONVERSION = YES;
				CLANG_WARN_OBJC_ROOT_CLASS = YES_ERROR;
				CLANG_WARN_RANGE_LOOP_ANALYSIS = YES;
				CLANG_WARN_STRICT_PROTOTYPES = YES;
				CLANG_WARN_SUSPICIOUS_MOVE = YES;
				CLANG_WARN_UNGUARDED_AVAILABILITY = YES_AGGRESSIVE;
				CLANG_WARN_UNREACHABLE_CODE = YES;
				CLANG_WARN__DUPLICATE_METHOD_MATCH = YES;
				COPY_PHASE_STRIP = NO;
				DEBUG_INFORMATION_FORMAT = "dwarf-with-dsym";
				ENABLE_NS_ASSERTIONS = NO;
				ENABLE_STRICT_OBJC_MSGSEND = YES;
				GCC_C_LANGUAGE_STANDARD = gnu11;
				GCC_NO_COMMON_BLOCKS = YES;
				GCC_WARN_64_TO_32_BIT_CONVERSION = YES;
				GCC_WARN_ABOUT_RETURN_TYPE = YES_ERROR;
				GCC_WARN_UNDECLARED_SELECTOR = YES;
				GCC_WARN_UNINITIALIZED_AUTOS = YES_AGGRESSIVE;
				GCC_WARN_UNUSED_FUNCTION = YES;
				GCC_WARN_UNUSED_VARIABLE = YES;
				IPHONEOS_DEPLOYMENT_TARGET = 13.5;
				MTL_ENABLE_DEBUG_INFO = NO;
				MTL_FAST_MATH = YES;
				SDKROOT = iphoneos;
				SWIFT_COMPILATION_MODE = wholemodule;
				SWIFT_OPTIMIZATION_LEVEL = "-O";
				VALIDATE_PRODUCT = YES;
			};
			name = Release;
		};
		C9EFAFE12482F5FC008FA762 /* Debug */ = {
			isa = XCBuildConfiguration;
			buildSettings = {
				ASSETCATALOG_COMPILER_APPICON_NAME = AppIcon;
				CODE_SIGN_STYLE = Automatic;
				INFOPLIST_FILE = Movie/Info.plist;
				LD_RUNPATH_SEARCH_PATHS = (
					"$(inherited)",
					"@executable_path/Frameworks",
				);
				PRODUCT_BUNDLE_IDENTIFIER = com.cash.Movie;
				PRODUCT_NAME = "$(TARGET_NAME)";
				SWIFT_VERSION = 5.0;
				TARGETED_DEVICE_FAMILY = "1,2";
			};
			name = Debug;
		};
		C9EFAFE22482F5FC008FA762 /* Release */ = {
			isa = XCBuildConfiguration;
			buildSettings = {
				ASSETCATALOG_COMPILER_APPICON_NAME = AppIcon;
				CODE_SIGN_STYLE = Automatic;
				INFOPLIST_FILE = Movie/Info.plist;
				LD_RUNPATH_SEARCH_PATHS = (
					"$(inherited)",
					"@executable_path/Frameworks",
				);
				PRODUCT_BUNDLE_IDENTIFIER = com.cash.Movie;
				PRODUCT_NAME = "$(TARGET_NAME)";
				SWIFT_VERSION = 5.0;
				TARGETED_DEVICE_FAMILY = "1,2";
			};
			name = Release;
		};
/* End XCBuildConfiguration section */

/* Begin XCConfigurationList section */
		C9EFAFC72482F5FB008FA762 /* Build configuration list for PBXProject "Movie" */ = {
			isa = XCConfigurationList;
			buildConfigurations = (
				C9EFAFDE2482F5FC008FA762 /* Debug */,
				C9EFAFDF2482F5FC008FA762 /* Release */,
			);
			defaultConfigurationIsVisible = 0;
			defaultConfigurationName = Release;
		};
		C9EFAFE02482F5FC008FA762 /* Build configuration list for PBXNativeTarget "Movie" */ = {
			isa = XCConfigurationList;
			buildConfigurations = (
				C9EFAFE12482F5FC008FA762 /* Debug */,
				C9EFAFE22482F5FC008FA762 /* Release */,
			);
			defaultConfigurationIsVisible = 0;
			defaultConfigurationName = Release;
		};
/* End XCConfigurationList section */
	};
	rootObject = C9EFAFC42482F5FB008FA762 /* Project object */;
}
